{
  "name": "claude-tools",
  "version": "1.0.0",
  "lockfileVersion": 3,
  "requires": true,
  "packages": {
    "": {
      "name": "claude-tools",
      "version": "1.0.0",
      "hasInstallScript": true,
      "license": "MIT",
      "dependencies": {
        "@codercowboy/claude-tpm": "file:../../tpm-workspace/claude-tpm-0.1.0"
      },
      "bin": {
        "ct": "scripts/ct.mjs"
      },
      "engines": {
        "node": ">=20"
      },
      "optionalDependencies": {
        "@codercowboy/claude-tpm": "file:../../tpm-workspace/claude-tpm-0.1.0",
        "jason-code": "file:../../jason-code"
      }
    },
    "../../jason-code": {
      "version": "1.0.0",
      "license": "MIT",
      "optional": true,
      "bin": {
        "jbc": "tools/jbc.js"
      }
    },
    "../../tpm-workspace/claude-tpm-0.1.0": {
      "name": "@codercowboy/claude-tpm",
      "version": "0.1.0",
      "license": "MIT",
      "optional": true,
      "bin": {
        "tpm": "tools/tpm.js"
      }
    },
    "node_modules/@codercowboy/claude-tpm": {
      "resolved": "../../tpm-workspace/claude-tpm-0.1.0",
      "link": true
    },
    "node_modules/jason-code": {
      "resolved": "../../jason-code",
      "link": true
    }
  }
}
